Microsoft Visual Studio Solution File, Format Version 12.00
# Visual Studio Version 17
VisualStudioVersion = 17.14.36623.8 d17.14
MinimumVisualStudioVersion = 10.0.40219.1
Project("{FAE04EC0-301F-11D3-BF4B-00C04F79EFBC}") = "Grafica-7", "Grafica-7\Grafica-7.csproj", "{40105044-018C-498F-BABA-846F311BF0AB}"
EndProject
Global
	GlobalSection(SolutionConfigurationPlatforms) = preSolution
		Debug|Any CPU = Debug|Any CPU
		Release|Any CPU = Release|Any CPU
	EndGlobalSection
	GlobalSection(ProjectConfigurationPlatforms) = postSolution
		{40105044-018C-498F-BABA-846F311BF0AB}.Debug|Any CPU.ActiveCfg = Debug|Any CPU
		{40105044-018C-498F-BABA-846F311BF0AB}.Debug|Any CPU.Build.0 = Debug|Any CPU
		{40105044-018C-498F-BABA-846F311BF0AB}.Release|Any CPU.ActiveCfg = Release|Any CPU
		{40105044-018C-498F-BABA-846F311BF0AB}.Release|Any CPU.Build.0 = Release|Any CPU
	EndGlobalSection
	GlobalSection(SolutionProperties) = preSolution
		HideSolutionNode = FALSE
	EndGlobalSection
	GlobalSection(ExtensibilityGlobals) = postSolution
		SolutionGuid = {CF90903B-B9A3-4977-A2AA-AD8AAE09F993}
	EndGlobalSection
EndGlobal
